
Microsoft Visual Studio Solution File, Format Version 12.00
# Visual Studio Version 17
VisualStudioVersion = 17.8.34511.84
MinimumVisualStudioVersion = 10.0.40219.1
Project("{FAE04EC0-301F-11D3-BF4B-00C04F79EFBC}") = "Mağaza Satış", "Mağaza Satış\Mağaza Satış.csproj", "{16853AFE-8B78-48DC-B6AA-9C704D0F6F0C}"
EndProject
Global
	GlobalSection(SolutionConfigurationPlatforms) = preSolution
		Debug|Any CPU = Debug|Any CPU
		Release|Any CPU = Release|Any CPU
	EndGlobalSection
	GlobalSection(ProjectConfigurationPlatforms) = postSolution
		{16853AFE-8B78-48DC-B6AA-9C704D0F6F0C}.Debug|Any CPU.ActiveCfg = Debug|Any CPU
		{16853AFE-8B78-48DC-B6AA-9C704D0F6F0C}.Debug|Any CPU.Build.0 = Debug|Any CPU
		{16853AFE-8B78-48DC-B6AA-9C704D0F6F0C}.Release|Any CPU.ActiveCfg = Release|Any CPU
		{16853AFE-8B78-48DC-B6AA-9C704D0F6F0C}.Release|Any CPU.Build.0 = Release|Any CPU
	EndGlobalSection
	GlobalSection(SolutionProperties) = preSolution
		HideSolutionNode = FALSE
	EndGlobalSection
	GlobalSection(ExtensibilityGlobals) = postSolution
		SolutionGuid = {B799E79C-F6D7-418F-AB43-7A7A0C5D26C6}
	EndGlobalSection
EndGlobal
